
Microsoft Visual Studio Solution File, Format Version 12.00
# Visual Studio Version 16
VisualStudioVersion = 16.0.30711.63
MinimumVisualStudioVersion = 10.0.40219.1
Project("{9A19103F-16F7-4668-BE54-9A1E7A4F7556}") = "BulkyBook", "BulkyBook.csproj", "{5913BA99-0A54-4A2A-86C8-E71900102E01}"
EndProject
Project("{9A19103F-16F7-4668-BE54-9A1E7A4F7556}") = "BulkyBook.DataAccess", "..\BulkyBook.DataAccess\BulkyBook.DataAccess.csproj", "{076536EA-B613-4DEE-AB21-220428CA131C}"
EndProject
Project("{9A19103F-16F7-4668-BE54-9A1E7A4F7556}") = "BulkyBook.Models", "..\BulkyBook.Models\BulkyBook.Models.csproj", "{54B546C8-1606-4AFE-9B9F-DB0948A61300}"
EndProject
Project("{9A19103F-16F7-4668-BE54-9A1E7A4F7556}") = "BulkyBook.Utility", "..\BulkyBook.Utility\BulkyBook.Utility.csproj", "{E4F413BC-40AA-41E0-A8B9-B8C98ADCC80B}"
EndProject
Global
	GlobalSection(SolutionConfigurationPlatforms) = preSolution
		Debug|Any CPU = Debug|Any CPU
		Release|Any CPU = Release|Any CPU
	EndGlobalSection
	GlobalSection(ProjectConfigurationPlatforms) = postSolution
		{5913BA99-0A54-4A2A-86C8-E71900102E01}.Debug|Any CPU.ActiveCfg = Debug|Any CPU
		{5913BA99-0A54-4A2A-86C8-E71900102E01}.Debug|Any CPU.Build.0 = Debug|Any CPU
		{5913BA99-0A54-4A2A-86C8-E71900102E01}.Release|Any CPU.ActiveCfg = Release|Any CPU
		{5913BA99-0A54-4A2A-86C8-E71900102E01}.Release|Any CPU.Build.0 = Release|Any CPU
		{076536EA-B613-4DEE-AB21-220428CA131C}.Debug|Any CPU.ActiveCfg = Debug|Any CPU
		{076536EA-B613-4DEE-AB21-220428CA131C}.Debug|Any CPU.Build.0 = Debug|Any CPU
		{076536EA-B613-4DEE-AB21-220428CA131C}.Release|Any CPU.ActiveCfg = Release|Any CPU
		{076536EA-B613-4DEE-AB21-220428CA131C}.Release|Any CPU.Build.0 = Release|Any CPU
		{54B546C8-1606-4AFE-9B9F-DB0948A61300}.Debug|Any CPU.ActiveCfg = Debug|Any CPU
		{54B546C8-1606-4AFE-9B9F-DB0948A61300}.Debug|Any CPU.Build.0 = Debug|Any CPU
		{54B546C8-1606-4AFE-9B9F-DB0948A61300}.Release|Any CPU.ActiveCfg = Release|Any CPU
		{54B546C8-1606-4AFE-9B9F-DB0948A61300}.Release|Any CPU.Build.0 = Release|Any CPU
		{E4F413BC-40AA-41E0-A8B9-B8C98ADCC80B}.Debug|Any CPU.ActiveCfg = Debug|Any CPU
		{E4F413BC-40AA-41E0-A8B9-B8C98ADCC80B}.Debug|Any CPU.Build.0 = Debug|Any CPU
		{E4F413BC-40AA-41E0-A8B9-B8C98ADCC80B}.Release|Any CPU.ActiveCfg = Release|Any CPU
		{E4F413BC-40AA-41E0-A8B9-B8C98ADCC80B}.Release|Any CPU.Build.0 = Release|Any CPU
	EndGlobalSection
	GlobalSection(SolutionProperties) = preSolution
		HideSolutionNode = FALSE
	EndGlobalSection
	GlobalSection(ExtensibilityGlobals) = postSolution
		SolutionGuid = {DD9DD182-0AE2-4161-9F30-02C12BF9488D}
	EndGlobalSection
EndGlobal
